
Microsoft Visual Studio Solution File, Format Version 12.00
# Visual Studio Version 16
VisualStudioVersion = 16.0.29709.97
MinimumVisualStudioVersion = 10.0.40219.1
Project("{2150E333-8FDC-42A3-9474-1A3956D46DE8}") = "Ch01", "Ch01", "{E09603CC-5ADA-4852-A801-DEF316F9F579}"
EndProject
Project("{8BC9CEB8-8B4A-11D0-8D11-00A0C91BC942}") = "FirstApp", "FirstApp\FirstApp.vcxproj", "{57ECC043-937A-4C3E-AF8D-8FF5D459BE0C}"
EndProject
Project("{8BC9CEB8-8B4A-11D0-8D11-00A0C91BC942}") = "TemplateTest", "TemplateTest\TemplateTest.vcxproj", "{C381DBA1-47CF-425F-BA0A-458FAB363148}"
EndProject
Project("{8BC9CEB8-8B4A-11D0-8D11-00A0C91BC942}") = "EscapeTest", "EscapeTest\EscapeTest.vcxproj", "{F6B39DCA-36BC-4E5E-A7AF-D093D78F8C79}"
EndProject
Project("{2150E333-8FDC-42A3-9474-1A3956D46DE8}") = "Ch03", "Ch03", "{411B65E9-5FEF-4E66-9F6D-E395E2E64E50}"
EndProject
Project("{8BC9CEB8-8B4A-11D0-8D11-00A0C91BC942}") = "VarTest", "VarTest\VarTest.vcxproj", "{F7D85E58-1B97-4DB6-946E-BA9A953CCC47}"
EndProject
Project("{8BC9CEB8-8B4A-11D0-8D11-00A0C91BC942}") = "StringTest", "StringTest\StringTest.vcxproj", "{217DD733-5AF6-4975-B3C1-3A2807253B4F}"
EndProject
Project("{2150E333-8FDC-42A3-9474-1A3956D46DE8}") = "Ch04", "Ch04", "{53ECCB39-5C9D-42BE-9ADF-467A4B88D975}"
EndProject
Project("{8BC9CEB8-8B4A-11D0-8D11-00A0C91BC942}") = "DivideTest", "DivideTest\DivideTest.vcxproj", "{980CFC8F-12E5-4EE4-A4AB-428FD03A9049}"
EndProject
Project("{8BC9CEB8-8B4A-11D0-8D11-00A0C91BC942}") = "CastTest", "CastTest\CastTest.vcxproj", "{D0BC257B-EC1D-497F-B8B2-A9CF75D37678}"
EndProject
Project("{8BC9CEB8-8B4A-11D0-8D11-00A0C91BC942}") = "opTestApp", "opTestApp\opTestApp.vcxproj", "{49B64E31-26A6-4DE8-8446-CDA6DBB9016E}"
EndProject
Project("{2150E333-8FDC-42A3-9474-1A3956D46DE8}") = "Ch05", "Ch05", "{EF204E0D-E852-4E10-8FB6-63101B6C8692}"
EndProject
Project("{8BC9CEB8-8B4A-11D0-8D11-00A0C91BC942}") = "IfTestApp", "IfTestApp\IfTestApp.vcxproj", "{96E8C8ED-7AC7-4875-9315-7F72AE57C5DE}"
EndProject
Project("{8BC9CEB8-8B4A-11D0-8D11-00A0C91BC942}") = "SwitchTestApp", "SwitchTestApp\SwitchTestApp.vcxproj", "{852D5157-C6D3-4864-AF52-2D8A101D480F}"
EndProject
Project("{2150E333-8FDC-42A3-9474-1A3956D46DE8}") = "ch06", "ch06", "{161C8BC2-57CF-4677-BBD3-0C2FD34722D1}"
EndProject
Project("{8BC9CEB8-8B4A-11D0-8D11-00A0C91BC942}") = "WhileTestApp", "WhileTestApp\WhileTestApp.vcxproj", "{4C49170E-D0F8-422E-9BD8-B4DB08C31E28}"
EndProject
Project("{8BC9CEB8-8B4A-11D0-8D11-00A0C91BC942}") = "ForTestApp", "ForTestApp\ForTestApp.vcxproj", "{E1800AAC-48F6-4F0F-ABBD-D37BCE6FB599}"
EndProject
Project("{8BC9CEB8-8B4A-11D0-8D11-00A0C91BC942}") = "MultitableApp", "MultitableApp\MultitableApp.vcxproj", "{32FB711A-E0DE-42F1-9FDB-0EE756428ED5}"
EndProject
Project("{2150E333-8FDC-42A3-9474-1A3956D46DE8}") = "Ch07", "Ch07", "{474CA7AB-C5D3-492D-82A1-6D81CE62E2B4}"
EndProject
Project("{8BC9CEB8-8B4A-11D0-8D11-00A0C91BC942}") = "FuntionTestApp", "FuntionTestApp\FuntionTestApp.vcxproj", "{BBD6A532-B212-49B2-BFE9-85755A118035}"
EndProject
Project("{2150E333-8FDC-42A3-9474-1A3956D46DE8}") = "Ch08", "Ch08", "{6217AB83-1E03-4EFA-8F16-411897F0DF1C}"
EndProject
Global
	GlobalSection(SolutionConfigurationPlatforms) = preSolution
		Debug|x64 = Debug|x64
		Debug|x86 = Debug|x86
		Release|x64 = Release|x64
		Release|x86 = Release|x86
	EndGlobalSection
	GlobalSection(ProjectConfigurationPlatforms) = postSolution
		{57ECC043-937A-4C3E-AF8D-8FF5D459BE0C}.Debug|x64.ActiveCfg = Debug|x64
		{57ECC043-937A-4C3E-AF8D-8FF5D459BE0C}.Debug|x64.Build.0 = Debug|x64
		{57ECC043-937A-4C3E-AF8D-8FF5D459BE0C}.Debug|x86.ActiveCfg = Debug|Win32
		{57ECC043-937A-4C3E-AF8D-8FF5D459BE0C}.Debug|x86.Build.0 = Debug|Win32
		{57ECC043-937A-4C3E-AF8D-8FF5D459BE0C}.Release|x64.ActiveCfg = Release|x64
		{57ECC043-937A-4C3E-AF8D-8FF5D459BE0C}.Release|x64.Build.0 = Release|x64
		{57ECC043-937A-4C3E-AF8D-8FF5D459BE0C}.Release|x86.ActiveCfg = Release|Win32
		{57ECC043-937A-4C3E-AF8D-8FF5D459BE0C}.Release|x86.Build.0 = Release|Win32
		{C381DBA1-47CF-425F-BA0A-458FAB363148}.Debug|x64.ActiveCfg = Debug|x64
		{C381DBA1-47CF-425F-BA0A-458FAB363148}.Debug|x64.Build.0 = Debug|x64
		{C381DBA1-47CF-425F-BA0A-458FAB363148}.Debug|x86.ActiveCfg = Debug|Win32
		{C381DBA1-47CF-425F-BA0A-458FAB363148}.Debug|x86.Build.0 = Debug|Win32
		{C381DBA1-47CF-425F-BA0A-458FAB363148}.Release|x64.ActiveCfg = Release|x64
		{C381DBA1-47CF-425F-BA0A-458FAB363148}.Release|x64.Build.0 = Release|x64
		{C381DBA1-47CF-425F-BA0A-458FAB363148}.Release|x86.ActiveCfg = Release|Win32
		{C381DBA1-47CF-425F-BA0A-458FAB363148}.Release|x86.Build.0 = Release|Win32
		{F6B39DCA-36BC-4E5E-A7AF-D093D78F8C79}.Debug|x64.ActiveCfg = Debug|x64
		{F6B39DCA-36BC-4E5E-A7AF-D093D78F8C79}.Debug|x64.Build.0 = Debug|x64
		{F6B39DCA-36BC-4E5E-A7AF-D093D78F8C79}.Debug|x86.ActiveCfg = Debug|Win32
		{F6B39DCA-36BC-4E5E-A7AF-D093D78F8C79}.Debug|x86.Build.0 = Debug|Win32
		{F6B39DCA-36BC-4E5E-A7AF-D093D78F8C79}.Release|x64.ActiveCfg = Release|x64
		{F6B39DCA-36BC-4E5E-A7AF-D093D78F8C79}.Release|x64.Build.0 = Release|x64
		{F6B39DCA-36BC-4E5E-A7AF-D093D78F8C79}.Release|x86.ActiveCfg = Release|Win32
		{F6B39DCA-36BC-4E5E-A7AF-D093D78F8C79}.Release|x86.Build.0 = Release|Win32
		{F7D85E58-1B97-4DB6-946E-BA9A953CCC47}.Debug|x64.ActiveCfg = Debug|x64
		{F7D85E58-1B97-4DB6-946E-BA9A953CCC47}.Debug|x64.Build.0 = Debug|x64
		{F7D85E58-1B97-4DB6-946E-BA9A953CCC47}.Debug|x86.ActiveCfg = Debug|Win32
		{F7D85E58-1B97-4DB6-946E-BA9A953CCC47}.Debug|x86.Build.0 = Debug|Win32
		{F7D85E58-1B97-4DB6-946E-BA9A953CCC47}.Release|x64.ActiveCfg = Release|x64
		{F7D85E58-1B97-4DB6-946E-BA9A953CCC47}.Release|x64.Build.0 = Release|x64
		{F7D85E58-1B97-4DB6-946E-BA9A953CCC47}.Release|x86.ActiveCfg = Release|Win32
		{F7D85E58-1B97-4DB6-946E-BA9A953CCC47}.Release|x86.Build.0 = Release|Win32
		{217DD733-5AF6-4975-B3C1-3A2807253B4F}.Debug|x64.ActiveCfg = Debug|x64
		{217DD733-5AF6-4975-B3C1-3A2807253B4F}.Debug|x64.Build.0 = Debug|x64
		{217DD733-5AF6-4975-B3C1-3A2807253B4F}.Debug|x86.ActiveCfg = Debug|Win32
		{217DD733-5AF6-4975-B3C1-3A2807253B4F}.Debug|x86.Build.0 = Debug|Win32
		{217DD733-5AF6-4975-B3C1-3A2807253B4F}.Release|x64.ActiveCfg = Release|x64
		{217DD733-5AF6-4975-B3C1-3A2807253B4F}.Release|x64.Build.0 = Release|x64
		{217DD733-5AF6-4975-B3C1-3A2807253B4F}.Release|x86.ActiveCfg = Release|Win32
		{217DD733-5AF6-4975-B3C1-3A2807253B4F}.Release|x86.Build.0 = Release|Win32
		{980CFC8F-12E5-4EE4-A4AB-428FD03A9049}.Debug|x64.ActiveCfg = Debug|x64
		{980CFC8F-12E5-4EE4-A4AB-428FD03A9049}.Debug|x64.Build.0 = Debug|x64
		{980CFC8F-12E5-4EE4-A4AB-428FD03A9049}.Debug|x86.ActiveCfg = Debug|Win32
		{980CFC8F-12E5-4EE4-A4AB-428FD03A9049}.Debug|x86.Build.0 = Debug|Win32
		{980CFC8F-12E5-4EE4-A4AB-428FD03A9049}.Release|x64.ActiveCfg = Release|x64
		{980CFC8F-12E5-4EE4-A4AB-428FD03A9049}.Release|x64.Build.0 = Release|x64
		{980CFC8F-12E5-4EE4-A4AB-428FD03A9049}.Release|x86.ActiveCfg = Release|Win32
		{980CFC8F-12E5-4EE4-A4AB-428FD03A9049}.Release|x86.Build.0 = Release|Win32
		{D0BC257B-EC1D-497F-B8B2-A9CF75D37678}.Debug|x64.ActiveCfg = Debug|x64
		{D0BC257B-EC1D-497F-B8B2-A9CF75D37678}.Debug|x64.Build.0 = Debug|x64
		{D0BC257B-EC1D-497F-B8B2-A9CF75D37678}.Debug|x86.ActiveCfg = Debug|Win32
		{D0BC257B-EC1D-497F-B8B2-A9CF75D37678}.Debug|x86.Build.0 = Debug|Win32
		{D0BC257B-EC1D-497F-B8B2-A9CF75D37678}.Release|x64.ActiveCfg = Release|x64
		{D0BC257B-EC1D-497F-B8B2-A9CF75D37678}.Release|x64.Build.0 = Release|x64
		{D0BC257B-EC1D-497F-B8B2-A9CF75D37678}.Release|x86.ActiveCfg = Release|Win32
		{D0BC257B-EC1D-497F-B8B2-A9CF75D37678}.Release|x86.Build.0 = Release|Win32
		{49B64E31-26A6-4DE8-8446-CDA6DBB9016E}.Debug|x64.ActiveCfg = Debug|x64
		{49B64E31-26A6-4DE8-8446-CDA6DBB9016E}.Debug|x64.Build.0 = Debug|x64
		{49B64E31-26A6-4DE8-8446-CDA6DBB9016E}.Debug|x86.ActiveCfg = Debug|Win32
		{49B64E31-26A6-4DE8-8446-CDA6DBB9016E}.Debug|x86.Build.0 = Debug|Win32
		{49B64E31-26A6-4DE8-8446-CDA6DBB9016E}.Release|x64.ActiveCfg = Release|x64
		{49B64E31-26A6-4DE8-8446-CDA6DBB9016E}.Release|x64.Build.0 = Release|x64
		{49B64E31-26A6-4DE8-8446-CDA6DBB9016E}.Release|x86.ActiveCfg = Release|Win32
		{49B64E31-26A6-4DE8-8446-CDA6DBB9016E}.Release|x86.Build.0 = Release|Win32
		{96E8C8ED-7AC7-4875-9315-7F72AE57C5DE}.Debug|x64.ActiveCfg = Debug|x64
		{96E8C8ED-7AC7-4875-9315-7F72AE57C5DE}.Debug|x64.Build.0 = Debug|x64
		{96E8C8ED-7AC7-4875-9315-7F72AE57C5DE}.Debug|x86.ActiveCfg = Debug|Win32
		{96E8C8ED-7AC7-4875-9315-7F72AE57C5DE}.Debug|x86.Build.0 = Debug|Win32
		{96E8C8ED-7AC7-4875-9315-7F72AE57C5DE}.Release|x64.ActiveCfg = Release|x64
		{96E8C8ED-7AC7-4875-9315-7F72AE57C5DE}.Release|x64.Build.0 = Release|x64
		{96E8C8ED-7AC7-4875-9315-7F72AE57C5DE}.Release|x86.ActiveCfg = Release|Win32
		{96E8C8ED-7AC7-4875-9315-7F72AE57C5DE}.Release|x86.Build.0 = Release|Win32
		{852D5157-C6D3-4864-AF52-2D8A101D480F}.Debug|x64.ActiveCfg = Debug|x64
		{852D5157-C6D3-4864-AF52-2D8A101D480F}.Debug|x64.Build.0 = Debug|x64
		{852D5157-C6D3-4864-AF52-2D8A101D480F}.Debug|x86.ActiveCfg = Debug|Win32
		{852D5157-C6D3-4864-AF52-2D8A101D480F}.Debug|x86.Build.0 = Debug|Win32
		{852D5157-C6D3-4864-AF52-2D8A101D480F}.Release|x64.ActiveCfg = Release|x64
		{852D5157-C6D3-4864-AF52-2D8A101D480F}.Release|x64.Build.0 = Release|x64
		{852D5157-C6D3-4864-AF52-2D8A101D480F}.Release|x86.ActiveCfg = Release|Win32
		{852D5157-C6D3-4864-AF52-2D8A101D480F}.Release|x86.Build.0 = Release|Win32
		{4C49170E-D0F8-422E-9BD8-B4DB08C31E28}.Debug|x64.ActiveCfg = Debug|x64
		{4C49170E-D0F8-422E-9BD8-B4DB08C31E28}.Debug|x64.Build.0 = Debug|x64
		{4C49170E-D0F8-422E-9BD8-B4DB08C31E28}.Debug|x86.ActiveCfg = Debug|Win32
		{4C49170E-D0F8-422E-9BD8-B4DB08C31E28}.Debug|x86.Build.0 = Debug|Win32
		{4C49170E-D0F8-422E-9BD8-B4DB08C31E28}.Release|x64.ActiveCfg = Release|x64
		{4C49170E-D0F8-422E-9BD8-B4DB08C31E28}.Release|x64.Build.0 = Release|x64
		{4C49170E-D0F8-422E-9BD8-B4DB08C31E28}.Release|x86.ActiveCfg = Release|Win32
		{4C49170E-D0F8-422E-9BD8-B4DB08C31E28}.Release|x86.Build.0 = Release|Win32
		{E1800AAC-48F6-4F0F-ABBD-D37BCE6FB599}.Debug|x64.ActiveCfg = Debug|x64
		{E1800AAC-48F6-4F0F-ABBD-D37BCE6FB599}.Debug|x64.Build.0 = Debug|x64
		{E1800AAC-48F6-4F0F-ABBD-D37BCE6FB599}.Debug|x86.ActiveCfg = Debug|Win32
		{E1800AAC-48F6-4F0F-ABBD-D37BCE6FB599}.Debug|x86.Build.0 = Debug|Win32
		{E1800AAC-48F6-4F0F-ABBD-D37BCE6FB599}.Release|x64.ActiveCfg = Release|x64
		{E1800AAC-48F6-4F0F-ABBD-D37BCE6FB599}.Release|x64.Build.0 = Release|x64
		{E1800AAC-48F6-4F0F-ABBD-D37BCE6FB599}.Release|x86.ActiveCfg = Release|Win32
		{E1800AAC-48F6-4F0F-ABBD-D37BCE6FB599}.Release|x86.Build.0 = Release|Win32
		{32FB711A-E0DE-42F1-9FDB-0EE756428ED5}.Debug|x64.ActiveCfg = Debug|x64
		{32FB711A-E0DE-42F1-9FDB-0EE756428ED5}.Debug|x64.Build.0 = Debug|x64
		{32FB711A-E0DE-42F1-9FDB-0EE756428ED5}.Debug|x86.ActiveCfg = Debug|Win32
		{32FB711A-E0DE-42F1-9FDB-0EE756428ED5}.Debug|x86.Build.0 = Debug|Win32
		{32FB711A-E0DE-42F1-9FDB-0EE756428ED5}.Release|x64.ActiveCfg = Release|x64
		{32FB711A-E0DE-42F1-9FDB-0EE756428ED5}.Release|x64.Build.0 = Release|x64
		{32FB711A-E0DE-42F1-9FDB-0EE756428ED5}.Release|x86.ActiveCfg = Release|Win32
		{32FB711A-E0DE-42F1-9FDB-0EE756428ED5}.Release|x86.Build.0 = Release|Win32
		{BBD6A532-B212-49B2-BFE9-85755A118035}.Debug|x64.ActiveCfg = Debug|x64
		{BBD6A532-B212-49B2-BFE9-85755A118035}.Debug|x64.Build.0 = Debug|x64
		{BBD6A532-B212-49B2-BFE9-85755A118035}.Debug|x86.ActiveCfg = Debug|Win32
		{BBD6A532-B212-49B2-BFE9-85755A118035}.Debug|x86.Build.0 = Debug|Win32
		{BBD6A532-B212-49B2-BFE9-85755A118035}.Release|x64.ActiveCfg = Release|x64
		{BBD6A532-B212-49B2-BFE9-85755A118035}.Release|x64.Build.0 = Release|x64
		{BBD6A532-B212-49B2-BFE9-85755A118035}.Release|x86.ActiveCfg = Release|Win32
		{BBD6A532-B212-49B2-BFE9-85755A118035}.Release|x86.Build.0 = Release|Win32
	EndGlobalSection
	GlobalSection(SolutionProperties) = preSolution
		HideSolutionNode = FALSE
	EndGlobalSection
	GlobalSection(NestedProjects) = preSolution
		{57ECC043-937A-4C3E-AF8D-8FF5D459BE0C} = {E09603CC-5ADA-4852-A801-DEF316F9F579}
		{C381DBA1-47CF-425F-BA0A-458FAB363148} = {E09603CC-5ADA-4852-A801-DEF316F9F579}
		{F6B39DCA-36BC-4E5E-A7AF-D093D78F8C79} = {E09603CC-5ADA-4852-A801-DEF316F9F579}
		{F7D85E58-1B97-4DB6-946E-BA9A953CCC47} = {411B65E9-5FEF-4E66-9F6D-E395E2E64E50}
		{217DD733-5AF6-4975-B3C1-3A2807253B4F} = {411B65E9-5FEF-4E66-9F6D-E395E2E64E50}
		{980CFC8F-12E5-4EE4-A4AB-428FD03A9049} = {53ECCB39-5C9D-42BE-9ADF-467A4B88D975}
		{D0BC257B-EC1D-497F-B8B2-A9CF75D37678} = {53ECCB39-5C9D-42BE-9ADF-467A4B88D975}
		{49B64E31-26A6-4DE8-8446-CDA6DBB9016E} = {53ECCB39-5C9D-42BE-9ADF-467A4B88D975}
		{96E8C8ED-7AC7-4875-9315-7F72AE57C5DE} = {EF204E0D-E852-4E10-8FB6-63101B6C8692}
		{852D5157-C6D3-4864-AF52-2D8A101D480F} = {EF204E0D-E852-4E10-8FB6-63101B6C8692}
		{4C49170E-D0F8-422E-9BD8-B4DB08C31E28} = {161C8BC2-57CF-4677-BBD3-0C2FD34722D1}
		{E1800AAC-48F6-4F0F-ABBD-D37BCE6FB599} = {161C8BC2-57CF-4677-BBD3-0C2FD34722D1}
		{32FB711A-E0DE-42F1-9FDB-0EE756428ED5} = {161C8BC2-57CF-4677-BBD3-0C2FD34722D1}
		{BBD6A532-B212-49B2-BFE9-85755A118035} = {474CA7AB-C5D3-492D-82A1-6D81CE62E2B4}
	EndGlobalSection
	GlobalSection(ExtensibilityGlobals) = postSolution
		SolutionGuid = {F6AEA464-AD26-46FE-B39B-FCDB69695839}
	EndGlobalSection
EndGlobal
